
Microsoft Visual Studio Solution File, Format Version 12.00
# Visual Studio Version 17
VisualStudioVersion = 17.2.32630.192
MinimumVisualStudioVersion = 10.0.40219.1
Project("{FAE04EC0-301F-11D3-BF4B-00C04F79EFBC}") = "3.2C", "3.2C.csproj", "{62AE6E68-5ED3-4ABE-A907-116A039EE6A6}"
EndProject
Global
	GlobalSection(SolutionConfigurationPlatforms) = preSolution
		Debug|Any CPU = Debug|Any CPU
		Release|Any CPU = Release|Any CPU
	EndGlobalSection
	GlobalSection(ProjectConfigurationPlatforms) = postSolution
		{62AE6E68-5ED3-4ABE-A907-116A039EE6A6}.Debug|Any CPU.ActiveCfg = Debug|Any CPU
		{62AE6E68-5ED3-4ABE-A907-116A039EE6A6}.Debug|Any CPU.Build.0 = Debug|Any CPU
		{62AE6E68-5ED3-4ABE-A907-116A039EE6A6}.Release|Any CPU.ActiveCfg = Release|Any CPU
		{62AE6E68-5ED3-4ABE-A907-116A039EE6A6}.Release|Any CPU.Build.0 = Release|Any CPU
	EndGlobalSection
	GlobalSection(SolutionProperties) = preSolution
		HideSolutionNode = FALSE
	EndGlobalSection
	GlobalSection(ExtensibilityGlobals) = postSolution
		SolutionGuid = {E50972CB-4913-4AB0-A805-6EB0971302BA}
	EndGlobalSection
EndGlobal
